# generated by rye
# use `rye lock` or `rye sync` to update this lockfile
#
# last locked with the following flags:
#   pre: false
#   features: []
#   all-features: false
#   with-sources: false
#   generate-hashes: false
#   universal: false

-e file:.
accessible-pygments==0.0.5
    # via pydata-sphinx-theme
aiohappyeyeballs==2.4.0
    # via aiohttp
aiohttp==3.10.5
    # via leaves
aiomqtt==2.3.0
    # via leaves
aiosignal==1.3.1
    # via aiohttp
alabaster==0.7.16
    # via sphinx
anyio==4.4.0
    # via httpx
    # via jupyter-server
appnope==0.1.4
    # via ipykernel
argon2-cffi==23.1.0
    # via jupyter-server
argon2-cffi-bindings==21.2.0
    # via argon2-cffi
arrow==1.3.0
    # via isoduration
asttokens==2.4.1
    # via stack-data
async-lru==2.0.4
    # via jupyterlab
attrs==24.2.0
    # via aiohttp
    # via jsonschema
    # via jupyter-cache
    # via referencing
babel==2.16.0
    # via jupyterlab-server
    # via pydata-sphinx-theme
    # via sphinx
bcrypt==4.2.0
    # via paramiko
beautifulsoup4==4.12.3
    # via nbconvert
    # via pydata-sphinx-theme
bitarray==2.9.2
    # via bitstring
bitstring==4.2.3
    # via esptool
bleach==6.1.0
    # via nbconvert
certifi==2024.8.30
    # via httpcore
    # via httpx
    # via requests
cffi==1.17.0
    # via argon2-cffi-bindings
    # via cryptography
    # via pynacl
cfgv==3.4.0
    # via pre-commit
charset-normalizer==3.3.2
    # via requests
click==8.1.7
    # via jupyter-book
    # via jupyter-cache
    # via sphinx-external-toc
colored==2.2.4
    # via leaves
    # via mpkernel
comm==0.2.2
    # via ipykernel
    # via ipywidgets
coverage==7.6.1
    # via pytest-cov
cryptography==43.0.0
    # via cryptograpy
    # via esptool
    # via paramiko
    # via pyopenssl
cryptograpy==0.0.0
    # via leaves
debugpy==1.8.5
    # via ipykernel
decorator==5.1.1
    # via ipython
defusedxml==0.7.1
    # via nbconvert
distlib==0.3.8
    # via virtualenv
docutils==0.20.1
    # via myst-parser
    # via pybtex-docutils
    # via pydata-sphinx-theme
    # via sphinx
    # via sphinx-togglebutton
    # via sphinxcontrib-bibtex
dukpy==0.2.3
    # via javascripthon
ecdsa==0.19.0
    # via esptool
esptool==4.7.0
executing==2.0.1
    # via stack-data
fastjsonschema==2.20.0
    # via nbformat
filelock==3.15.4
    # via virtualenv
fqdn==1.5.1
    # via jsonschema
frozenlist==1.4.1
    # via aiohttp
    # via aiosignal
ghp-import==2.1.0
gitdb==4.0.11
    # via gitpython
gitpython==3.1.43
    # via leaves
h11==0.14.0
    # via httpcore
httpcore==1.0.5
    # via httpx
httpx==0.27.2
    # via jupyterlab
identify==2.6.0
    # via pre-commit
idna==3.8
    # via anyio
    # via httpx
    # via jsonschema
    # via requests
    # via yarl
imagesize==1.4.1
    # via sphinx
importlib-metadata==8.4.0
    # via jupyter-cache
    # via myst-nb
iniconfig==2.0.0
    # via pytest
intelhex==2.3.0
    # via esptool
ipykernel==6.29.5
    # via jupyter
    # via jupyter-console
    # via jupyterlab
    # via leaves
    # via mpkernel
    # via myst-nb
ipython==8.27.0
    # via ipykernel
    # via ipywidgets
    # via jupyter-console
    # via myst-nb
ipywidgets==8.1.5
    # via jupyter
isoduration==20.11.0
    # via jsonschema
javascripthon==0.13
jedi==0.19.1
    # via ipython
jinja2==3.1.4
    # via jupyter-book
    # via jupyter-server
    # via jupyterlab
    # via jupyterlab-server
    # via myst-parser
    # via nbconvert
    # via pdoc
    # via sphinx
json5==0.9.25
    # via jupyterlab-server
jsonpointer==3.0.0
    # via jsonschema
jsonschema==4.23.0
    # via jupyter-book
    # via jupyter-events
    # via jupyterlab-server
    # via nbformat
jsonschema-specifications==2023.12.1
    # via jsonschema
jupyter==1.1.1
jupyter-book==1.0.2
jupyter-cache==1.0.0
    # via myst-nb
jupyter-client==8.6.2
    # via ipykernel
    # via jupyter-console
    # via jupyter-server
    # via mpkernel
    # via nbclient
jupyter-console==6.6.3
    # via jupyter
jupyter-core==5.7.2
    # via ipykernel
    # via jupyter-client
    # via jupyter-console
    # via jupyter-server
    # via jupyterlab
    # via nbclient
    # via nbconvert
    # via nbformat
jupyter-events==0.10.0
    # via jupyter-server
jupyter-lsp==2.2.5
    # via jupyterlab
jupyter-server==2.14.2
    # via jupyter-lsp
    # via jupyterlab
    # via jupyterlab-server
    # via notebook
    # via notebook-shim
jupyter-server-terminals==0.5.3
    # via jupyter-server
jupyterlab==4.2.5
    # via jupyter
    # via notebook
jupyterlab-pygments==0.3.0
    # via nbconvert
jupyterlab-server==2.27.3
    # via jupyterlab
    # via notebook
jupyterlab-widgets==3.0.13
    # via ipywidgets
latexcodec==3.0.0
    # via pybtex
linkify-it-py==2.0.3
    # via jupyter-book
markdown-it-py==3.0.0
    # via mdit-py-plugins
    # via myst-parser
markupsafe==2.1.5
    # via jinja2
    # via nbconvert
    # via pdoc
matplotlib-inline==0.1.7
    # via ipykernel
    # via ipython
mdit-py-plugins==0.4.1
    # via myst-parser
mdurl==0.1.2
    # via markdown-it-py
mergedeep==1.3.4
    # via leaves
microdot==2.0.6
    # via leaves
mistune==3.0.2
    # via nbconvert
mpkernel==0.0.1
mpremote==1.23.0
    # via mpkernel
multidict==6.0.5
    # via aiohttp
    # via yarl
myst-nb==1.1.1
    # via jupyter-book
myst-parser==2.0.0
    # via jupyter-book
    # via myst-nb
nbclient==0.10.0
    # via jupyter-cache
    # via myst-nb
    # via nbconvert
nbconvert==7.16.4
    # via jupyter
    # via jupyter-server
nbformat==5.10.4
    # via jupyter-cache
    # via jupyter-server
    # via myst-nb
    # via nbclient
    # via nbconvert
nest-asyncio==1.6.0
    # via ipykernel
nodeenv==1.9.1
    # via pre-commit
notebook==7.2.2
    # via jupyter
notebook-shim==0.2.4
    # via jupyterlab
    # via notebook
overrides==7.7.0
    # via jupyter-server
packaging==24.1
    # via ipykernel
    # via jupyter-server
    # via jupyterlab
    # via jupyterlab-server
    # via nbconvert
    # via pydata-sphinx-theme
    # via pytest
    # via sphinx
    # via sphinx-jupyterbook-latex
paho-mqtt==2.1.0
    # via aiomqtt
pandocfilters==1.5.1
    # via nbconvert
paramiko==3.4.1
    # via leaves
parso==0.8.4
    # via jedi
pdoc==14.6.1
pexpect==4.9.0
    # via ipython
platformdirs==4.2.2
    # via jupyter-core
    # via virtualenv
pluggy==1.5.0
    # via pytest
pre-commit==3.8.0
prometheus-client==0.20.0
    # via jupyter-server
prompt-toolkit==3.0.47
    # via ipython
    # via jupyter-console
psutil==6.0.0
    # via ipykernel
ptyprocess==0.7.0
    # via pexpect
    # via terminado
pure-eval==0.2.3
    # via stack-data
pybtex==0.24.0
    # via pybtex-docutils
    # via sphinxcontrib-bibtex
pybtex-docutils==1.0.3
    # via sphinxcontrib-bibtex
pycparser==2.22
    # via cffi
pydata-sphinx-theme==0.15.4
    # via sphinx-book-theme
pygments==2.18.0
    # via accessible-pygments
    # via ipython
    # via jupyter-console
    # via nbconvert
    # via pdoc
    # via pydata-sphinx-theme
    # via sphinx
pyjwt==2.9.0
    # via leaves
pynacl==1.5.0
    # via paramiko
pyopenssl==24.2.1
    # via leaves
pyserial==3.5
    # via esptool
    # via mpremote
pytest==8.3.2
    # via pytest-asyncio
    # via pytest-cov
    # via pytest-mock
pytest-asyncio==0.24.0
pytest-cov==5.0.0
pytest-mock==3.14.0
python-dateutil==2.9.0.post0
    # via arrow
    # via ghp-import
    # via jupyter-client
python-json-logger==2.0.7
    # via jupyter-events
pyyaml==6.0.2
    # via esptool
    # via jupyter-book
    # via jupyter-cache
    # via jupyter-events
    # via leaves
    # via myst-nb
    # via myst-parser
    # via pre-commit
    # via pybtex
    # via sphinx-external-toc
pyzmq==26.2.0
    # via ipykernel
    # via jupyter-client
    # via jupyter-console
    # via jupyter-server
reedsolo==1.7.0
    # via esptool
referencing==0.35.1
    # via jsonschema
    # via jsonschema-specifications
    # via jupyter-events
requests==2.32.3
    # via jupyterlab-server
    # via sphinx
rfc3339-validator==0.1.4
    # via jsonschema
    # via jupyter-events
rfc3986-validator==0.1.1
    # via jsonschema
    # via jupyter-events
rpds-py==0.20.0
    # via jsonschema
    # via referencing
ruff==0.6.3
send2trash==1.8.3
    # via jupyter-server
setuptools==74.0.0
    # via javascripthon
    # via jupyterlab
    # via sphinx-togglebutton
six==1.16.0
    # via asttokens
    # via bleach
    # via ecdsa
    # via pybtex
    # via python-dateutil
    # via rfc3339-validator
smmap==5.0.1
    # via gitdb
sniffio==1.3.1
    # via anyio
    # via httpx
snowballstemmer==2.2.0
    # via sphinx
soupsieve==2.6
    # via beautifulsoup4
sphinx==7.4.7
    # via jupyter-book
    # via myst-nb
    # via myst-parser
    # via pydata-sphinx-theme
    # via sphinx-book-theme
    # via sphinx-comments
    # via sphinx-copybutton
    # via sphinx-design
    # via sphinx-external-toc
    # via sphinx-jupyterbook-latex
    # via sphinx-multitoc-numbering
    # via sphinx-thebe
    # via sphinx-togglebutton
    # via sphinxcontrib-bibtex
sphinx-book-theme==1.1.3
    # via jupyter-book
sphinx-comments==0.0.3
    # via jupyter-book
sphinx-copybutton==0.5.2
    # via jupyter-book
sphinx-design==0.6.1
    # via jupyter-book
sphinx-external-toc==1.0.1
    # via jupyter-book
sphinx-jupyterbook-latex==1.0.0
    # via jupyter-book
sphinx-multitoc-numbering==0.1.3
    # via jupyter-book
sphinx-thebe==0.3.1
    # via jupyter-book
sphinx-togglebutton==0.3.2
    # via jupyter-book
sphinxcontrib-applehelp==2.0.0
    # via sphinx
sphinxcontrib-bibtex==2.6.2
    # via jupyter-book
sphinxcontrib-devhelp==2.0.0
    # via sphinx
sphinxcontrib-htmlhelp==2.1.0
    # via sphinx
sphinxcontrib-jsmath==1.0.1
    # via sphinx
sphinxcontrib-qthelp==2.0.0
    # via sphinx
sphinxcontrib-serializinghtml==2.0.0
    # via sphinx
sqlalchemy==2.0.32
    # via jupyter-cache
stack-data==0.6.3
    # via ipython
tabulate==0.9.0
    # via jupyter-cache
terminado==0.18.1
    # via jupyter-server
    # via jupyter-server-terminals
tinycss2==1.3.0
    # via nbconvert
tornado==6.4.1
    # via ipykernel
    # via jupyter-client
    # via jupyter-server
    # via jupyterlab
    # via notebook
    # via terminado
traitlets==5.14.3
    # via comm
    # via ipykernel
    # via ipython
    # via ipywidgets
    # via jupyter-client
    # via jupyter-console
    # via jupyter-core
    # via jupyter-events
    # via jupyter-server
    # via jupyterlab
    # via matplotlib-inline
    # via nbclient
    # via nbconvert
    # via nbformat
types-python-dateutil==2.9.0.20240821
    # via arrow
typing-extensions==4.12.2
    # via ipython
    # via myst-nb
    # via pydata-sphinx-theme
    # via sqlalchemy
uc-micro-py==1.0.3
    # via linkify-it-py
uri-template==1.3.0
    # via jsonschema
urllib3==2.2.2
    # via requests
virtualenv==20.26.3
    # via pre-commit
wcwidth==0.2.13
    # via prompt-toolkit
webcolors==24.8.0
    # via jsonschema
webencodings==0.5.1
    # via bleach
    # via tinycss2
websocket-client==1.8.0
    # via jupyter-server
wheel==0.44.0
    # via sphinx-togglebutton
widgetsnbextension==4.0.13
    # via ipywidgets
yarl==1.9.4
    # via aiohttp
zipp==3.20.1
    # via importlib-metadata
